
Microsoft Visual Studio Solution File, Format Version 11.00
# Visual Studio 2010
Project("{FAE04EC0-301F-11D3-BF4B-00C04F79EFBC}") = "Assembly-CSharp", "Assembly-CSharp.csproj", "{e9992b56-a0ba-3619-95ef-35d977d99453}"
EndProject
Project("{FAE04EC0-301F-11D3-BF4B-00C04F79EFBC}") = "Assembly-CSharp-Editor", "Assembly-CSharp-Editor.csproj", "{f4592ae1-e802-959f-a899-78dc6b6f8653}"
EndProject
Global
	GlobalSection(SolutionConfigurationPlatforms) = preSolution
		Debug|Any CPU = Debug|Any CPU
	EndGlobalSection
	GlobalSection(ProjectConfigurationPlatforms) = postSolution
		{e9992b56-a0ba-3619-95ef-35d977d99453}.Debug|Any CPU.ActiveCfg = Debug|Any CPU
		{e9992b56-a0ba-3619-95ef-35d977d99453}.Debug|Any CPU.Build.0 = Debug|Any CPU
		{f4592ae1-e802-959f-a899-78dc6b6f8653}.Debug|Any CPU.ActiveCfg = Debug|Any CPU
		{f4592ae1-e802-959f-a899-78dc6b6f8653}.Debug|Any CPU.Build.0 = Debug|Any CPU
	EndGlobalSection
	GlobalSection(SolutionProperties) = preSolution
		HideSolutionNode = FALSE
	EndGlobalSection
EndGlobal
